
Microsoft Visual Studio Solution File, Format Version 12.00
# Visual Studio Version 17
VisualStudioVersion = 17.6.33829.357
MinimumVisualStudioVersion = 10.0.40219.1
Project("{FAE04EC0-301F-11D3-BF4B-00C04F79EFBC}") = "ClassFieldProperty", "ClassFieldProperty\ClassFieldProperty.csproj", "{B951EA1F-E20C-430D-AC2B-8DCDA63F5F57}"
EndProject
Project("{FAE04EC0-301F-11D3-BF4B-00C04F79EFBC}") = "ConstructorDemo", "ConstructorDemo\ConstructorDemo.csproj", "{1D75E8C7-A9BD-4B3E-BE76-3DE4F2D6ABC7}"
EndProject
Project("{FAE04EC0-301F-11D3-BF4B-00C04F79EFBC}") = "EncapsulationDemo", "EncapsulationDemo\EncapsulationDemo.csproj", "{5D949C7F-6B15-49ED-ACE2-C7378DFD86C1}"
EndProject
Project("{FAE04EC0-301F-11D3-BF4B-00C04F79EFBC}") = "StaticClassDemo", "StaticClassDemo\StaticClassDemo.csproj", "{51965F1F-DE35-4780-919E-15538DBC722A}"
EndProject
Global
	GlobalSection(SolutionConfigurationPlatforms) = preSolution
		Debug|Any CPU = Debug|Any CPU
		Release|Any CPU = Release|Any CPU
	EndGlobalSection
	GlobalSection(ProjectConfigurationPlatforms) = postSolution
		{B951EA1F-E20C-430D-AC2B-8DCDA63F5F57}.Debug|Any CPU.ActiveCfg = Debug|Any CPU
		{B951EA1F-E20C-430D-AC2B-8DCDA63F5F57}.Debug|Any CPU.Build.0 = Debug|Any CPU
		{B951EA1F-E20C-430D-AC2B-8DCDA63F5F57}.Release|Any CPU.ActiveCfg = Release|Any CPU
		{B951EA1F-E20C-430D-AC2B-8DCDA63F5F57}.Release|Any CPU.Build.0 = Release|Any CPU
		{1D75E8C7-A9BD-4B3E-BE76-3DE4F2D6ABC7}.Debug|Any CPU.ActiveCfg = Debug|Any CPU
		{1D75E8C7-A9BD-4B3E-BE76-3DE4F2D6ABC7}.Debug|Any CPU.Build.0 = Debug|Any CPU
		{1D75E8C7-A9BD-4B3E-BE76-3DE4F2D6ABC7}.Release|Any CPU.ActiveCfg = Release|Any CPU
		{1D75E8C7-A9BD-4B3E-BE76-3DE4F2D6ABC7}.Release|Any CPU.Build.0 = Release|Any CPU
		{5D949C7F-6B15-49ED-ACE2-C7378DFD86C1}.Debug|Any CPU.ActiveCfg = Debug|Any CPU
		{5D949C7F-6B15-49ED-ACE2-C7378DFD86C1}.Debug|Any CPU.Build.0 = Debug|Any CPU
		{5D949C7F-6B15-49ED-ACE2-C7378DFD86C1}.Release|Any CPU.ActiveCfg = Release|Any CPU
		{5D949C7F-6B15-49ED-ACE2-C7378DFD86C1}.Release|Any CPU.Build.0 = Release|Any CPU
		{51965F1F-DE35-4780-919E-15538DBC722A}.Debug|Any CPU.ActiveCfg = Debug|Any CPU
		{51965F1F-DE35-4780-919E-15538DBC722A}.Debug|Any CPU.Build.0 = Debug|Any CPU
		{51965F1F-DE35-4780-919E-15538DBC722A}.Release|Any CPU.ActiveCfg = Release|Any CPU
		{51965F1F-DE35-4780-919E-15538DBC722A}.Release|Any CPU.Build.0 = Release|Any CPU
	EndGlobalSection
	GlobalSection(SolutionProperties) = preSolution
		HideSolutionNode = FALSE
	EndGlobalSection
	GlobalSection(ExtensibilityGlobals) = postSolution
		SolutionGuid = {E9F089D3-12AA-4456-B399-856CBB6AE331}
	EndGlobalSection
EndGlobal
